
Microsoft Visual Studio Solution File, Format Version 12.00
# Visual Studio 15
VisualStudioVersion = 15.0.26730.16
MinimumVisualStudioVersion = 10.0.40219.1
Project("{FAE04EC0-301F-11D3-BF4B-00C04F79EFBC}") = "ClinicProject", "ClinicProject\ClinicProject.csproj", "{3752CF9F-F4F5-49DD-B3B7-684F5B1BFA79}"
EndProject
Global
	GlobalSection(SolutionConfigurationPlatforms) = preSolution
		Debug|Any CPU = Debug|Any CPU
		Release|Any CPU = Release|Any CPU
	EndGlobalSection
	GlobalSection(ProjectConfigurationPlatforms) = postSolution
		{3752CF9F-F4F5-49DD-B3B7-684F5B1BFA79}.Debug|Any CPU.ActiveCfg = Debug|Any CPU
		{3752CF9F-F4F5-49DD-B3B7-684F5B1BFA79}.Debug|Any CPU.Build.0 = Debug|Any CPU
		{3752CF9F-F4F5-49DD-B3B7-684F5B1BFA79}.Release|Any CPU.ActiveCfg = Release|Any CPU
		{3752CF9F-F4F5-49DD-B3B7-684F5B1BFA79}.Release|Any CPU.Build.0 = Release|Any CPU
	EndGlobalSection
	GlobalSection(SolutionProperties) = preSolution
		HideSolutionNode = FALSE
	EndGlobalSection
	GlobalSection(ExtensibilityGlobals) = postSolution
		SolutionGuid = {6CC05889-75FD-49B2-9060-20F171AC482C}
	EndGlobalSection
EndGlobal
